
Microsoft Visual Studio Solution File, Format Version 12.00
# Visual Studio 14
VisualStudioVersion = 14.0.23107.0
MinimumVisualStudioVersion = 10.0.40219.1
Project("{FAE04EC0-301F-11D3-BF4B-00C04F79EFBC}") = "SqliteSharedPCL.Droid", "SqliteSharedPCL\SqliteSharedPCL.Droid\SqliteSharedPCL.Droid.csproj", "{4286774B-1693-4961-83C5-5957ADB9E319}"
EndProject
Project("{FAE04EC0-301F-11D3-BF4B-00C04F79EFBC}") = "SqliteSharedPCL.iOS", "SqliteSharedPCL\SqliteSharedPCL.iOS\SqliteSharedPCL.iOS.csproj", "{2505F795-1F7B-4FE3-B8E1-7FBD65CAEB9F}"
EndProject
Project("{FAE04EC0-301F-11D3-BF4B-00C04F79EFBC}") = "SqliteSharedPCL", "SqliteSharedPCL\SqliteSharedPCL\SqliteSharedPCL.csproj", "{753B6D96-A013-49C1-8E6A-1763018D139C}"
EndProject
Project("{FAE04EC0-301F-11D3-BF4B-00C04F79EFBC}") = "XamarinSqliteSample", "..\..\..\..\Codec\a\XamarinSqliteSample-master\XamarinSqliteSample\XamarinSqliteSample.csproj", "{D2E8B09B-3CAB-4C48-B72A-AE5AF40E4E09}"
EndProject
Project("{FAE04EC0-301F-11D3-BF4B-00C04F79EFBC}") = "XamarinSqliteSample.Droid", "..\..\..\..\Codec\a\XamarinSqliteSample-master\XamarinSqliteSample.Droid\XamarinSqliteSample.Droid.csproj", "{E9F513A0-81E8-431E-AAA0-9EF97B8280DF}"
EndProject
Project("{FAE04EC0-301F-11D3-BF4B-00C04F79EFBC}") = "XamarinSqliteSample.iOS", "..\..\..\..\Codec\a\XamarinSqliteSample-master\XamarinSqliteSample.iOS\XamarinSqliteSample.iOS.csproj", "{E970AFF9-2B66-484A-B6CA-EDDDA7CD38A8}"
EndProject
Global
	GlobalSection(SolutionConfigurationPlatforms) = preSolution
		Ad-Hoc|Any CPU = Ad-Hoc|Any CPU
		Ad-Hoc|iPhone = Ad-Hoc|iPhone
		Ad-Hoc|iPhoneSimulator = Ad-Hoc|iPhoneSimulator
		AppStore|Any CPU = AppStore|Any CPU
		AppStore|iPhone = AppStore|iPhone
		AppStore|iPhoneSimulator = AppStore|iPhoneSimulator
		Debug|Any CPU = Debug|Any CPU
		Debug|iPhone = Debug|iPhone
		Debug|iPhoneSimulator = Debug|iPhoneSimulator
		Release|Any CPU = Release|Any CPU
		Release|iPhone = Release|iPhone
		Release|iPhoneSimulator = Release|iPhoneSimulator
	EndGlobalSection
	GlobalSection(ProjectConfigurationPlatforms) = postSolution
		{4286774B-1693-4961-83C5-5957ADB9E319}.Ad-Hoc|Any CPU.ActiveCfg = Release|Any CPU
		{4286774B-1693-4961-83C5-5957ADB9E319}.Ad-Hoc|Any CPU.Build.0 = Release|Any CPU
		{4286774B-1693-4961-83C5-5957ADB9E319}.Ad-Hoc|Any CPU.Deploy.0 = Release|Any CPU
		{4286774B-1693-4961-83C5-5957ADB9E319}.Ad-Hoc|iPhone.ActiveCfg = Release|Any CPU
		{4286774B-1693-4961-83C5-5957ADB9E319}.Ad-Hoc|iPhone.Build.0 = Release|Any CPU
		{4286774B-1693-4961-83C5-5957ADB9E319}.Ad-Hoc|iPhone.Deploy.0 = Release|Any CPU
		{4286774B-1693-4961-83C5-5957ADB9E319}.Ad-Hoc|iPhoneSimulator.ActiveCfg = Release|Any CPU
		{4286774B-1693-4961-83C5-5957ADB9E319}.Ad-Hoc|iPhoneSimulator.Build.0 = Release|Any CPU
		{4286774B-1693-4961-83C5-5957ADB9E319}.Ad-Hoc|iPhoneSimulator.Deploy.0 = Release|Any CPU
		{4286774B-1693-4961-83C5-5957ADB9E319}.AppStore|Any CPU.ActiveCfg = Release|Any CPU
		{4286774B-1693-4961-83C5-5957ADB9E319}.AppStore|Any CPU.Build.0 = Release|Any CPU
		{4286774B-1693-4961-83C5-5957ADB9E319}.AppStore|Any CPU.Deploy.0 = Release|Any CPU
		{4286774B-1693-4961-83C5-5957ADB9E319}.AppStore|iPhone.ActiveCfg = Release|Any CPU
		{4286774B-1693-4961-83C5-5957ADB9E319}.AppStore|iPhone.Build.0 = Release|Any CPU
		{4286774B-1693-4961-83C5-5957ADB9E319}.AppStore|iPhone.Deploy.0 = Release|Any CPU
		{4286774B-1693-4961-83C5-5957ADB9E319}.AppStore|iPhoneSimulator.ActiveCfg = Release|Any CPU
		{4286774B-1693-4961-83C5-5957ADB9E319}.AppStore|iPhoneSimulator.Build.0 = Release|Any CPU
		{4286774B-1693-4961-83C5-5957ADB9E319}.AppStore|iPhoneSimulator.Deploy.0 = Release|Any CPU
		{4286774B-1693-4961-83C5-5957ADB9E319}.Debug|Any CPU.ActiveCfg = Debug|Any CPU
		{4286774B-1693-4961-83C5-5957ADB9E319}.Debug|Any CPU.Build.0 = Debug|Any CPU
		{4286774B-1693-4961-83C5-5957ADB9E319}.Debug|Any CPU.Deploy.0 = Debug|Any CPU
		{4286774B-1693-4961-83C5-5957ADB9E319}.Debug|iPhone.ActiveCfg = Debug|Any CPU
		{4286774B-1693-4961-83C5-5957ADB9E319}.Debug|iPhone.Build.0 = Debug|Any CPU
		{4286774B-1693-4961-83C5-5957ADB9E319}.Debug|iPhone.Deploy.0 = Debug|Any CPU
		{4286774B-1693-4961-83C5-5957ADB9E319}.Debug|iPhoneSimulator.ActiveCfg = Debug|Any CPU
		{4286774B-1693-4961-83C5-5957ADB9E319}.Debug|iPhoneSimulator.Build.0 = Debug|Any CPU
		{4286774B-1693-4961-83C5-5957ADB9E319}.Debug|iPhoneSimulator.Deploy.0 = Debug|Any CPU
		{4286774B-1693-4961-83C5-5957ADB9E319}.Release|Any CPU.ActiveCfg = Release|Any CPU
		{4286774B-1693-4961-83C5-5957ADB9E319}.Release|Any CPU.Build.0 = Release|Any CPU
		{4286774B-1693-4961-83C5-5957ADB9E319}.Release|Any CPU.Deploy.0 = Release|Any CPU
		{4286774B-1693-4961-83C5-5957ADB9E319}.Release|iPhone.ActiveCfg = Release|Any CPU
		{4286774B-1693-4961-83C5-5957ADB9E319}.Release|iPhone.Build.0 = Release|Any CPU
		{4286774B-1693-4961-83C5-5957ADB9E319}.Release|iPhone.Deploy.0 = Release|Any CPU
		{4286774B-1693-4961-83C5-5957ADB9E319}.Release|iPhoneSimulator.ActiveCfg = Release|Any CPU
		{4286774B-1693-4961-83C5-5957ADB9E319}.Release|iPhoneSimulator.Build.0 = Release|Any CPU
		{4286774B-1693-4961-83C5-5957ADB9E319}.Release|iPhoneSimulator.Deploy.0 = Release|Any CPU
		{2505F795-1F7B-4FE3-B8E1-7FBD65CAEB9F}.Ad-Hoc|Any CPU.ActiveCfg = Release|iPhone
		{2505F795-1F7B-4FE3-B8E1-7FBD65CAEB9F}.Ad-Hoc|Any CPU.Build.0 = Release|iPhone
		{2505F795-1F7B-4FE3-B8E1-7FBD65CAEB9F}.Ad-Hoc|iPhone.ActiveCfg = Release|iPhone
		{2505F795-1F7B-4FE3-B8E1-7FBD65CAEB9F}.Ad-Hoc|iPhone.Build.0 = Release|iPhone
		{2505F795-1F7B-4FE3-B8E1-7FBD65CAEB9F}.Ad-Hoc|iPhoneSimulator.ActiveCfg = Release|iPhoneSimulator
		{2505F795-1F7B-4FE3-B8E1-7FBD65CAEB9F}.Ad-Hoc|iPhoneSimulator.Build.0 = Release|iPhoneSimulator
		{2505F795-1F7B-4FE3-B8E1-7FBD65CAEB9F}.AppStore|Any CPU.ActiveCfg = Release|iPhone
		{2505F795-1F7B-4FE3-B8E1-7FBD65CAEB9F}.AppStore|Any CPU.Build.0 = Release|iPhone
		{2505F795-1F7B-4FE3-B8E1-7FBD65CAEB9F}.AppStore|iPhone.ActiveCfg = Release|iPhone
		{2505F795-1F7B-4FE3-B8E1-7FBD65CAEB9F}.AppStore|iPhone.Build.0 = Release|iPhone
		{2505F795-1F7B-4FE3-B8E1-7FBD65CAEB9F}.AppStore|iPhoneSimulator.ActiveCfg = Release|iPhoneSimulator
		{2505F795-1F7B-4FE3-B8E1-7FBD65CAEB9F}.AppStore|iPhoneSimulator.Build.0 = Release|iPhoneSimulator
		{2505F795-1F7B-4FE3-B8E1-7FBD65CAEB9F}.Debug|Any CPU.ActiveCfg = Debug|iPhone
		{2505F795-1F7B-4FE3-B8E1-7FBD65CAEB9F}.Debug|iPhone.ActiveCfg = Debug|iPhone
		{2505F795-1F7B-4FE3-B8E1-7FBD65CAEB9F}.Debug|iPhone.Build.0 = Debug|iPhone
		{2505F795-1F7B-4FE3-B8E1-7FBD65CAEB9F}.Debug|iPhoneSimulator.ActiveCfg = Debug|iPhoneSimulator
		{2505F795-1F7B-4FE3-B8E1-7FBD65CAEB9F}.Debug|iPhoneSimulator.Build.0 = Debug|iPhoneSimulator
		{2505F795-1F7B-4FE3-B8E1-7FBD65CAEB9F}.Release|Any CPU.ActiveCfg = Release|iPhone
		{2505F795-1F7B-4FE3-B8E1-7FBD65CAEB9F}.Release|iPhone.ActiveCfg = Release|iPhone
		{2505F795-1F7B-4FE3-B8E1-7FBD65CAEB9F}.Release|iPhone.Build.0 = Release|iPhone
		{2505F795-1F7B-4FE3-B8E1-7FBD65CAEB9F}.Release|iPhoneSimulator.ActiveCfg = Release|iPhoneSimulator
		{2505F795-1F7B-4FE3-B8E1-7FBD65CAEB9F}.Release|iPhoneSimulator.Build.0 = Release|iPhoneSimulator
		{753B6D96-A013-49C1-8E6A-1763018D139C}.Ad-Hoc|Any CPU.ActiveCfg = Release|Any CPU
		{753B6D96-A013-49C1-8E6A-1763018D139C}.Ad-Hoc|Any CPU.Build.0 = Release|Any CPU
		{753B6D96-A013-49C1-8E6A-1763018D139C}.Ad-Hoc|iPhone.ActiveCfg = Release|Any CPU
		{753B6D96-A013-49C1-8E6A-1763018D139C}.Ad-Hoc|iPhone.Build.0 = Release|Any CPU
		{753B6D96-A013-49C1-8E6A-1763018D139C}.Ad-Hoc|iPhoneSimulator.ActiveCfg = Release|Any CPU
		{753B6D96-A013-49C1-8E6A-1763018D139C}.Ad-Hoc|iPhoneSimulator.Build.0 = Release|Any CPU
		{753B6D96-A013-49C1-8E6A-1763018D139C}.AppStore|Any CPU.ActiveCfg = Release|Any CPU
		{753B6D96-A013-49C1-8E6A-1763018D139C}.AppStore|Any CPU.Build.0 = Release|Any CPU
		{753B6D96-A013-49C1-8E6A-1763018D139C}.AppStore|iPhone.ActiveCfg = Release|Any CPU
		{753B6D96-A013-49C1-8E6A-1763018D139C}.AppStore|iPhone.Build.0 = Release|Any CPU
		{753B6D96-A013-49C1-8E6A-1763018D139C}.AppStore|iPhoneSimulator.ActiveCfg = Release|Any CPU
		{753B6D96-A013-49C1-8E6A-1763018D139C}.AppStore|iPhoneSimulator.Build.0 = Release|Any CPU
		{753B6D96-A013-49C1-8E6A-1763018D139C}.Debug|Any CPU.ActiveCfg = Debug|Any CPU
		{753B6D96-A013-49C1-8E6A-1763018D139C}.Debug|Any CPU.Build.0 = Debug|Any CPU
		{753B6D96-A013-49C1-8E6A-1763018D139C}.Debug|iPhone.ActiveCfg = Debug|Any CPU
		{753B6D96-A013-49C1-8E6A-1763018D139C}.Debug|iPhone.Build.0 = Debug|Any CPU
		{753B6D96-A013-49C1-8E6A-1763018D139C}.Debug|iPhoneSimulator.ActiveCfg = Debug|Any CPU
		{753B6D96-A013-49C1-8E6A-1763018D139C}.Debug|iPhoneSimulator.Build.0 = Debug|Any CPU
		{753B6D96-A013-49C1-8E6A-1763018D139C}.Release|Any CPU.ActiveCfg = Release|Any CPU
		{753B6D96-A013-49C1-8E6A-1763018D139C}.Release|Any CPU.Build.0 = Release|Any CPU
		{753B6D96-A013-49C1-8E6A-1763018D139C}.Release|iPhone.ActiveCfg = Release|Any CPU
		{753B6D96-A013-49C1-8E6A-1763018D139C}.Release|iPhone.Build.0 = Release|Any CPU
		{753B6D96-A013-49C1-8E6A-1763018D139C}.Release|iPhoneSimulator.ActiveCfg = Release|Any CPU
		{753B6D96-A013-49C1-8E6A-1763018D139C}.Release|iPhoneSimulator.Build.0 = Release|Any CPU
		{D2E8B09B-3CAB-4C48-B72A-AE5AF40E4E09}.Ad-Hoc|Any CPU.ActiveCfg = Release|Any CPU
		{D2E8B09B-3CAB-4C48-B72A-AE5AF40E4E09}.Ad-Hoc|Any CPU.Build.0 = Release|Any CPU
		{D2E8B09B-3CAB-4C48-B72A-AE5AF40E4E09}.Ad-Hoc|iPhone.ActiveCfg = Release|Any CPU
		{D2E8B09B-3CAB-4C48-B72A-AE5AF40E4E09}.Ad-Hoc|iPhone.Build.0 = Release|Any CPU
		{D2E8B09B-3CAB-4C48-B72A-AE5AF40E4E09}.Ad-Hoc|iPhoneSimulator.ActiveCfg = Release|Any CPU
		{D2E8B09B-3CAB-4C48-B72A-AE5AF40E4E09}.Ad-Hoc|iPhoneSimulator.Build.0 = Release|Any CPU
		{D2E8B09B-3CAB-4C48-B72A-AE5AF40E4E09}.AppStore|Any CPU.ActiveCfg = Release|Any CPU
		{D2E8B09B-3CAB-4C48-B72A-AE5AF40E4E09}.AppStore|Any CPU.Build.0 = Release|Any CPU
		{D2E8B09B-3CAB-4C48-B72A-AE5AF40E4E09}.AppStore|iPhone.ActiveCfg = Release|Any CPU
		{D2E8B09B-3CAB-4C48-B72A-AE5AF40E4E09}.AppStore|iPhone.Build.0 = Release|Any CPU
		{D2E8B09B-3CAB-4C48-B72A-AE5AF40E4E09}.AppStore|iPhoneSimulator.ActiveCfg = Release|Any CPU
		{D2E8B09B-3CAB-4C48-B72A-AE5AF40E4E09}.AppStore|iPhoneSimulator.Build.0 = Release|Any CPU
		{D2E8B09B-3CAB-4C48-B72A-AE5AF40E4E09}.Debug|Any CPU.ActiveCfg = Debug|Any CPU
		{D2E8B09B-3CAB-4C48-B72A-AE5AF40E4E09}.Debug|Any CPU.Build.0 = Debug|Any CPU
		{D2E8B09B-3CAB-4C48-B72A-AE5AF40E4E09}.Debug|iPhone.ActiveCfg = Debug|Any CPU
		{D2E8B09B-3CAB-4C48-B72A-AE5AF40E4E09}.Debug|iPhone.Build.0 = Debug|Any CPU
		{D2E8B09B-3CAB-4C48-B72A-AE5AF40E4E09}.Debug|iPhoneSimulator.ActiveCfg = Debug|Any CPU
		{D2E8B09B-3CAB-4C48-B72A-AE5AF40E4E09}.Debug|iPhoneSimulator.Build.0 = Debug|Any CPU
		{D2E8B09B-3CAB-4C48-B72A-AE5AF40E4E09}.Release|Any CPU.ActiveCfg = Release|Any CPU
		{D2E8B09B-3CAB-4C48-B72A-AE5AF40E4E09}.Release|Any CPU.Build.0 = Release|Any CPU
		{D2E8B09B-3CAB-4C48-B72A-AE5AF40E4E09}.Release|iPhone.ActiveCfg = Release|Any CPU
		{D2E8B09B-3CAB-4C48-B72A-AE5AF40E4E09}.Release|iPhone.Build.0 = Release|Any CPU
		{D2E8B09B-3CAB-4C48-B72A-AE5AF40E4E09}.Release|iPhoneSimulator.ActiveCfg = Release|Any CPU
		{D2E8B09B-3CAB-4C48-B72A-AE5AF40E4E09}.Release|iPhoneSimulator.Build.0 = Release|Any CPU
		{E9F513A0-81E8-431E-AAA0-9EF97B8280DF}.Ad-Hoc|Any CPU.ActiveCfg = Release|Any CPU
		{E9F513A0-81E8-431E-AAA0-9EF97B8280DF}.Ad-Hoc|Any CPU.Build.0 = Release|Any CPU
		{E9F513A0-81E8-431E-AAA0-9EF97B8280DF}.Ad-Hoc|Any CPU.Deploy.0 = Release|Any CPU
		{E9F513A0-81E8-431E-AAA0-9EF97B8280DF}.Ad-Hoc|iPhone.ActiveCfg = Release|Any CPU
		{E9F513A0-81E8-431E-AAA0-9EF97B8280DF}.Ad-Hoc|iPhone.Build.0 = Release|Any CPU
		{E9F513A0-81E8-431E-AAA0-9EF97B8280DF}.Ad-Hoc|iPhone.Deploy.0 = Release|Any CPU
		{E9F513A0-81E8-431E-AAA0-9EF97B8280DF}.Ad-Hoc|iPhoneSimulator.ActiveCfg = Release|Any CPU
		{E9F513A0-81E8-431E-AAA0-9EF97B8280DF}.Ad-Hoc|iPhoneSimulator.Build.0 = Release|Any CPU
		{E9F513A0-81E8-431E-AAA0-9EF97B8280DF}.Ad-Hoc|iPhoneSimulator.Deploy.0 = Release|Any CPU
		{E9F513A0-81E8-431E-AAA0-9EF97B8280DF}.AppStore|Any CPU.ActiveCfg = Release|Any CPU
		{E9F513A0-81E8-431E-AAA0-9EF97B8280DF}.AppStore|Any CPU.Build.0 = Release|Any CPU
		{E9F513A0-81E8-431E-AAA0-9EF97B8280DF}.AppStore|Any CPU.Deploy.0 = Release|Any CPU
		{E9F513A0-81E8-431E-AAA0-9EF97B8280DF}.AppStore|iPhone.ActiveCfg = Release|Any CPU
		{E9F513A0-81E8-431E-AAA0-9EF97B8280DF}.AppStore|iPhone.Build.0 = Release|Any CPU
		{E9F513A0-81E8-431E-AAA0-9EF97B8280DF}.AppStore|iPhone.Deploy.0 = Release|Any CPU
		{E9F513A0-81E8-431E-AAA0-9EF97B8280DF}.AppStore|iPhoneSimulator.ActiveCfg = Release|Any CPU
		{E9F513A0-81E8-431E-AAA0-9EF97B8280DF}.AppStore|iPhoneSimulator.Build.0 = Release|Any CPU
		{E9F513A0-81E8-431E-AAA0-9EF97B8280DF}.AppStore|iPhoneSimulator.Deploy.0 = Release|Any CPU
		{E9F513A0-81E8-431E-AAA0-9EF97B8280DF}.Debug|Any CPU.ActiveCfg = Debug|Any CPU
		{E9F513A0-81E8-431E-AAA0-9EF97B8280DF}.Debug|Any CPU.Build.0 = Debug|Any CPU
		{E9F513A0-81E8-431E-AAA0-9EF97B8280DF}.Debug|Any CPU.Deploy.0 = Debug|Any CPU
		{E9F513A0-81E8-431E-AAA0-9EF97B8280DF}.Debug|iPhone.ActiveCfg = Debug|Any CPU
		{E9F513A0-81E8-431E-AAA0-9EF97B8280DF}.Debug|iPhone.Build.0 = Debug|Any CPU
		{E9F513A0-81E8-431E-AAA0-9EF97B8280DF}.Debug|iPhone.Deploy.0 = Debug|Any CPU
		{E9F513A0-81E8-431E-AAA0-9EF97B8280DF}.Debug|iPhoneSimulator.ActiveCfg = Debug|Any CPU
		{E9F513A0-81E8-431E-AAA0-9EF97B8280DF}.Debug|iPhoneSimulator.Build.0 = Debug|Any CPU
		{E9F513A0-81E8-431E-AAA0-9EF97B8280DF}.Debug|iPhoneSimulator.Deploy.0 = Debug|Any CPU
		{E9F513A0-81E8-431E-AAA0-9EF97B8280DF}.Release|Any CPU.ActiveCfg = Release|Any CPU
		{E9F513A0-81E8-431E-AAA0-9EF97B8280DF}.Release|Any CPU.Build.0 = Release|Any CPU
		{E9F513A0-81E8-431E-AAA0-9EF97B8280DF}.Release|Any CPU.Deploy.0 = Release|Any CPU
		{E9F513A0-81E8-431E-AAA0-9EF97B8280DF}.Release|iPhone.ActiveCfg = Release|Any CPU
		{E9F513A0-81E8-431E-AAA0-9EF97B8280DF}.Release|iPhone.Build.0 = Release|Any CPU
		{E9F513A0-81E8-431E-AAA0-9EF97B8280DF}.Release|iPhone.Deploy.0 = Release|Any CPU
		{E9F513A0-81E8-431E-AAA0-9EF97B8280DF}.Release|iPhoneSimulator.ActiveCfg = Release|Any CPU
		{E9F513A0-81E8-431E-AAA0-9EF97B8280DF}.Release|iPhoneSimulator.Build.0 = Release|Any CPU
		{E9F513A0-81E8-431E-AAA0-9EF97B8280DF}.Release|iPhoneSimulator.Deploy.0 = Release|Any CPU
		{E970AFF9-2B66-484A-B6CA-EDDDA7CD38A8}.Ad-Hoc|Any CPU.ActiveCfg = Ad-Hoc|iPhone
		{E970AFF9-2B66-484A-B6CA-EDDDA7CD38A8}.Ad-Hoc|iPhone.ActiveCfg = Ad-Hoc|iPhone
		{E970AFF9-2B66-484A-B6CA-EDDDA7CD38A8}.Ad-Hoc|iPhone.Build.0 = Ad-Hoc|iPhone
		{E970AFF9-2B66-484A-B6CA-EDDDA7CD38A8}.Ad-Hoc|iPhoneSimulator.ActiveCfg = Ad-Hoc|iPhoneSimulator
		{E970AFF9-2B66-484A-B6CA-EDDDA7CD38A8}.Ad-Hoc|iPhoneSimulator.Build.0 = Ad-Hoc|iPhoneSimulator
		{E970AFF9-2B66-484A-B6CA-EDDDA7CD38A8}.AppStore|Any CPU.ActiveCfg = AppStore|iPhone
		{E970AFF9-2B66-484A-B6CA-EDDDA7CD38A8}.AppStore|iPhone.ActiveCfg = AppStore|iPhone
		{E970AFF9-2B66-484A-B6CA-EDDDA7CD38A8}.AppStore|iPhone.Build.0 = AppStore|iPhone
		{E970AFF9-2B66-484A-B6CA-EDDDA7CD38A8}.AppStore|iPhoneSimulator.ActiveCfg = AppStore|iPhoneSimulator
		{E970AFF9-2B66-484A-B6CA-EDDDA7CD38A8}.AppStore|iPhoneSimulator.Build.0 = AppStore|iPhoneSimulator
		{E970AFF9-2B66-484A-B6CA-EDDDA7CD38A8}.Debug|Any CPU.ActiveCfg = Debug|iPhone
		{E970AFF9-2B66-484A-B6CA-EDDDA7CD38A8}.Debug|iPhone.ActiveCfg = Debug|iPhone
		{E970AFF9-2B66-484A-B6CA-EDDDA7CD38A8}.Debug|iPhone.Build.0 = Debug|iPhone
		{E970AFF9-2B66-484A-B6CA-EDDDA7CD38A8}.Debug|iPhoneSimulator.ActiveCfg = Debug|iPhoneSimulator
		{E970AFF9-2B66-484A-B6CA-EDDDA7CD38A8}.Debug|iPhoneSimulator.Build.0 = Debug|iPhoneSimulator
		{E970AFF9-2B66-484A-B6CA-EDDDA7CD38A8}.Release|Any CPU.ActiveCfg = Release|iPhone
		{E970AFF9-2B66-484A-B6CA-EDDDA7CD38A8}.Release|iPhone.ActiveCfg = Release|iPhone
		{E970AFF9-2B66-484A-B6CA-EDDDA7CD38A8}.Release|iPhone.Build.0 = Release|iPhone
		{E970AFF9-2B66-484A-B6CA-EDDDA7CD38A8}.Release|iPhoneSimulator.ActiveCfg = Release|iPhoneSimulator
		{E970AFF9-2B66-484A-B6CA-EDDDA7CD38A8}.Release|iPhoneSimulator.Build.0 = Release|iPhoneSimulator
	EndGlobalSection
	GlobalSection(SolutionProperties) = preSolution
		HideSolutionNode = FALSE
	EndGlobalSection
EndGlobal
