
Microsoft Visual Studio Solution File, Format Version 12.00
# Visual Studio 14
VisualStudioVersion = 14.0.23107.0
MinimumVisualStudioVersion = 10.0.40219.1
Project("{FAE04EC0-301F-11D3-BF4B-00C04F79EFBC}") = "XamApp2.Droid", "XamApp2\XamApp2.Droid\XamApp2.Droid.csproj", "{56E02BAC-18A4-487B-B237-D594378A08A2}"
EndProject
Project("{FAE04EC0-301F-11D3-BF4B-00C04F79EFBC}") = "XamApp2.iOS", "XamApp2\XamApp2.iOS\XamApp2.iOS.csproj", "{D31ABA33-52E2-4155-980F-AD6BB23F728B}"
EndProject
Project("{FAE04EC0-301F-11D3-BF4B-00C04F79EFBC}") = "XamApp2", "XamApp2\XamApp2\XamApp2.csproj", "{1C517A79-2820-48C9-8290-2DC9BB18B75F}"
EndProject
Global
	GlobalSection(SolutionConfigurationPlatforms) = preSolution
		Ad-Hoc|Any CPU = Ad-Hoc|Any CPU
		Ad-Hoc|iPhone = Ad-Hoc|iPhone
		Ad-Hoc|iPhoneSimulator = Ad-Hoc|iPhoneSimulator
		AppStore|Any CPU = AppStore|Any CPU
		AppStore|iPhone = AppStore|iPhone
		AppStore|iPhoneSimulator = AppStore|iPhoneSimulator
		Debug|Any CPU = Debug|Any CPU
		Debug|iPhone = Debug|iPhone
		Debug|iPhoneSimulator = Debug|iPhoneSimulator
		Release|Any CPU = Release|Any CPU
		Release|iPhone = Release|iPhone
		Release|iPhoneSimulator = Release|iPhoneSimulator
	EndGlobalSection
	GlobalSection(ProjectConfigurationPlatforms) = postSolution
		{56E02BAC-18A4-487B-B237-D594378A08A2}.Ad-Hoc|Any CPU.ActiveCfg = Release|Any CPU
		{56E02BAC-18A4-487B-B237-D594378A08A2}.Ad-Hoc|Any CPU.Build.0 = Release|Any CPU
		{56E02BAC-18A4-487B-B237-D594378A08A2}.Ad-Hoc|Any CPU.Deploy.0 = Release|Any CPU
		{56E02BAC-18A4-487B-B237-D594378A08A2}.Ad-Hoc|iPhone.ActiveCfg = Release|Any CPU
		{56E02BAC-18A4-487B-B237-D594378A08A2}.Ad-Hoc|iPhone.Build.0 = Release|Any CPU
		{56E02BAC-18A4-487B-B237-D594378A08A2}.Ad-Hoc|iPhone.Deploy.0 = Release|Any CPU
		{56E02BAC-18A4-487B-B237-D594378A08A2}.Ad-Hoc|iPhoneSimulator.ActiveCfg = Release|Any CPU
		{56E02BAC-18A4-487B-B237-D594378A08A2}.Ad-Hoc|iPhoneSimulator.Build.0 = Release|Any CPU
		{56E02BAC-18A4-487B-B237-D594378A08A2}.Ad-Hoc|iPhoneSimulator.Deploy.0 = Release|Any CPU
		{56E02BAC-18A4-487B-B237-D594378A08A2}.AppStore|Any CPU.ActiveCfg = Release|Any CPU
		{56E02BAC-18A4-487B-B237-D594378A08A2}.AppStore|Any CPU.Build.0 = Release|Any CPU
		{56E02BAC-18A4-487B-B237-D594378A08A2}.AppStore|Any CPU.Deploy.0 = Release|Any CPU
		{56E02BAC-18A4-487B-B237-D594378A08A2}.AppStore|iPhone.ActiveCfg = Release|Any CPU
		{56E02BAC-18A4-487B-B237-D594378A08A2}.AppStore|iPhone.Build.0 = Release|Any CPU
		{56E02BAC-18A4-487B-B237-D594378A08A2}.AppStore|iPhone.Deploy.0 = Release|Any CPU
		{56E02BAC-18A4-487B-B237-D594378A08A2}.AppStore|iPhoneSimulator.ActiveCfg = Release|Any CPU
		{56E02BAC-18A4-487B-B237-D594378A08A2}.AppStore|iPhoneSimulator.Build.0 = Release|Any CPU
		{56E02BAC-18A4-487B-B237-D594378A08A2}.AppStore|iPhoneSimulator.Deploy.0 = Release|Any CPU
		{56E02BAC-18A4-487B-B237-D594378A08A2}.Debug|Any CPU.ActiveCfg = Debug|Any CPU
		{56E02BAC-18A4-487B-B237-D594378A08A2}.Debug|Any CPU.Build.0 = Debug|Any CPU
		{56E02BAC-18A4-487B-B237-D594378A08A2}.Debug|Any CPU.Deploy.0 = Debug|Any CPU
		{56E02BAC-18A4-487B-B237-D594378A08A2}.Debug|iPhone.ActiveCfg = Debug|Any CPU
		{56E02BAC-18A4-487B-B237-D594378A08A2}.Debug|iPhone.Build.0 = Debug|Any CPU
		{56E02BAC-18A4-487B-B237-D594378A08A2}.Debug|iPhone.Deploy.0 = Debug|Any CPU
		{56E02BAC-18A4-487B-B237-D594378A08A2}.Debug|iPhoneSimulator.ActiveCfg = Debug|Any CPU
		{56E02BAC-18A4-487B-B237-D594378A08A2}.Debug|iPhoneSimulator.Build.0 = Debug|Any CPU
		{56E02BAC-18A4-487B-B237-D594378A08A2}.Debug|iPhoneSimulator.Deploy.0 = Debug|Any CPU
		{56E02BAC-18A4-487B-B237-D594378A08A2}.Release|Any CPU.ActiveCfg = Release|Any CPU
		{56E02BAC-18A4-487B-B237-D594378A08A2}.Release|Any CPU.Build.0 = Release|Any CPU
		{56E02BAC-18A4-487B-B237-D594378A08A2}.Release|Any CPU.Deploy.0 = Release|Any CPU
		{56E02BAC-18A4-487B-B237-D594378A08A2}.Release|iPhone.ActiveCfg = Release|Any CPU
		{56E02BAC-18A4-487B-B237-D594378A08A2}.Release|iPhone.Build.0 = Release|Any CPU
		{56E02BAC-18A4-487B-B237-D594378A08A2}.Release|iPhone.Deploy.0 = Release|Any CPU
		{56E02BAC-18A4-487B-B237-D594378A08A2}.Release|iPhoneSimulator.ActiveCfg = Release|Any CPU
		{56E02BAC-18A4-487B-B237-D594378A08A2}.Release|iPhoneSimulator.Build.0 = Release|Any CPU
		{56E02BAC-18A4-487B-B237-D594378A08A2}.Release|iPhoneSimulator.Deploy.0 = Release|Any CPU
		{D31ABA33-52E2-4155-980F-AD6BB23F728B}.Ad-Hoc|Any CPU.ActiveCfg = Ad-Hoc|iPhone
		{D31ABA33-52E2-4155-980F-AD6BB23F728B}.Ad-Hoc|iPhone.ActiveCfg = Ad-Hoc|iPhone
		{D31ABA33-52E2-4155-980F-AD6BB23F728B}.Ad-Hoc|iPhone.Build.0 = Ad-Hoc|iPhone
		{D31ABA33-52E2-4155-980F-AD6BB23F728B}.Ad-Hoc|iPhoneSimulator.ActiveCfg = Ad-Hoc|iPhoneSimulator
		{D31ABA33-52E2-4155-980F-AD6BB23F728B}.Ad-Hoc|iPhoneSimulator.Build.0 = Ad-Hoc|iPhoneSimulator
		{D31ABA33-52E2-4155-980F-AD6BB23F728B}.AppStore|Any CPU.ActiveCfg = AppStore|iPhone
		{D31ABA33-52E2-4155-980F-AD6BB23F728B}.AppStore|iPhone.ActiveCfg = AppStore|iPhone
		{D31ABA33-52E2-4155-980F-AD6BB23F728B}.AppStore|iPhone.Build.0 = AppStore|iPhone
		{D31ABA33-52E2-4155-980F-AD6BB23F728B}.AppStore|iPhoneSimulator.ActiveCfg = AppStore|iPhoneSimulator
		{D31ABA33-52E2-4155-980F-AD6BB23F728B}.AppStore|iPhoneSimulator.Build.0 = AppStore|iPhoneSimulator
		{D31ABA33-52E2-4155-980F-AD6BB23F728B}.Debug|Any CPU.ActiveCfg = Debug|iPhone
		{D31ABA33-52E2-4155-980F-AD6BB23F728B}.Debug|iPhone.ActiveCfg = Debug|iPhone
		{D31ABA33-52E2-4155-980F-AD6BB23F728B}.Debug|iPhone.Build.0 = Debug|iPhone
		{D31ABA33-52E2-4155-980F-AD6BB23F728B}.Debug|iPhoneSimulator.ActiveCfg = Debug|iPhoneSimulator
		{D31ABA33-52E2-4155-980F-AD6BB23F728B}.Debug|iPhoneSimulator.Build.0 = Debug|iPhoneSimulator
		{D31ABA33-52E2-4155-980F-AD6BB23F728B}.Release|Any CPU.ActiveCfg = Release|iPhone
		{D31ABA33-52E2-4155-980F-AD6BB23F728B}.Release|iPhone.ActiveCfg = Release|iPhone
		{D31ABA33-52E2-4155-980F-AD6BB23F728B}.Release|iPhone.Build.0 = Release|iPhone
		{D31ABA33-52E2-4155-980F-AD6BB23F728B}.Release|iPhoneSimulator.ActiveCfg = Release|iPhoneSimulator
		{D31ABA33-52E2-4155-980F-AD6BB23F728B}.Release|iPhoneSimulator.Build.0 = Release|iPhoneSimulator
		{1C517A79-2820-48C9-8290-2DC9BB18B75F}.Ad-Hoc|Any CPU.ActiveCfg = Release|Any CPU
		{1C517A79-2820-48C9-8290-2DC9BB18B75F}.Ad-Hoc|Any CPU.Build.0 = Release|Any CPU
		{1C517A79-2820-48C9-8290-2DC9BB18B75F}.Ad-Hoc|iPhone.ActiveCfg = Release|Any CPU
		{1C517A79-2820-48C9-8290-2DC9BB18B75F}.Ad-Hoc|iPhone.Build.0 = Release|Any CPU
		{1C517A79-2820-48C9-8290-2DC9BB18B75F}.Ad-Hoc|iPhoneSimulator.ActiveCfg = Release|Any CPU
		{1C517A79-2820-48C9-8290-2DC9BB18B75F}.Ad-Hoc|iPhoneSimulator.Build.0 = Release|Any CPU
		{1C517A79-2820-48C9-8290-2DC9BB18B75F}.AppStore|Any CPU.ActiveCfg = Release|Any CPU
		{1C517A79-2820-48C9-8290-2DC9BB18B75F}.AppStore|Any CPU.Build.0 = Release|Any CPU
		{1C517A79-2820-48C9-8290-2DC9BB18B75F}.AppStore|iPhone.ActiveCfg = Release|Any CPU
		{1C517A79-2820-48C9-8290-2DC9BB18B75F}.AppStore|iPhone.Build.0 = Release|Any CPU
		{1C517A79-2820-48C9-8290-2DC9BB18B75F}.AppStore|iPhoneSimulator.ActiveCfg = Release|Any CPU
		{1C517A79-2820-48C9-8290-2DC9BB18B75F}.AppStore|iPhoneSimulator.Build.0 = Release|Any CPU
		{1C517A79-2820-48C9-8290-2DC9BB18B75F}.Debug|Any CPU.ActiveCfg = Debug|Any CPU
		{1C517A79-2820-48C9-8290-2DC9BB18B75F}.Debug|Any CPU.Build.0 = Debug|Any CPU
		{1C517A79-2820-48C9-8290-2DC9BB18B75F}.Debug|iPhone.ActiveCfg = Debug|Any CPU
		{1C517A79-2820-48C9-8290-2DC9BB18B75F}.Debug|iPhone.Build.0 = Debug|Any CPU
		{1C517A79-2820-48C9-8290-2DC9BB18B75F}.Debug|iPhoneSimulator.ActiveCfg = Debug|Any CPU
		{1C517A79-2820-48C9-8290-2DC9BB18B75F}.Debug|iPhoneSimulator.Build.0 = Debug|Any CPU
		{1C517A79-2820-48C9-8290-2DC9BB18B75F}.Release|Any CPU.ActiveCfg = Release|Any CPU
		{1C517A79-2820-48C9-8290-2DC9BB18B75F}.Release|Any CPU.Build.0 = Release|Any CPU
		{1C517A79-2820-48C9-8290-2DC9BB18B75F}.Release|iPhone.ActiveCfg = Release|Any CPU
		{1C517A79-2820-48C9-8290-2DC9BB18B75F}.Release|iPhone.Build.0 = Release|Any CPU
		{1C517A79-2820-48C9-8290-2DC9BB18B75F}.Release|iPhoneSimulator.ActiveCfg = Release|Any CPU
		{1C517A79-2820-48C9-8290-2DC9BB18B75F}.Release|iPhoneSimulator.Build.0 = Release|Any CPU
	EndGlobalSection
	GlobalSection(SolutionProperties) = preSolution
		HideSolutionNode = FALSE
	EndGlobalSection
EndGlobal
